
Microsoft Visual Studio Solution File, Format Version 12.00
# Visual Studio Version 17
VisualStudioVersion = 17.11.35219.272
MinimumVisualStudioVersion = 10.0.40219.1
Project("{FAE04EC0-301F-11D3-BF4B-00C04F79EFBC}") = "Open_Lib", "Open_Lib.csproj", "{E6F4EF1E-5D6B-1C4E-5660-40FE1473FC31}"
EndProject
Global
	GlobalSection(SolutionConfigurationPlatforms) = preSolution
		Debug|Any CPU = Debug|Any CPU
		Release|Any CPU = Release|Any CPU
	EndGlobalSection
	GlobalSection(ProjectConfigurationPlatforms) = postSolution
		{E6F4EF1E-5D6B-1C4E-5660-40FE1473FC31}.Debug|Any CPU.ActiveCfg = Debug|Any CPU
		{E6F4EF1E-5D6B-1C4E-5660-40FE1473FC31}.Debug|Any CPU.Build.0 = Debug|Any CPU
		{E6F4EF1E-5D6B-1C4E-5660-40FE1473FC31}.Release|Any CPU.ActiveCfg = Release|Any CPU
		{E6F4EF1E-5D6B-1C4E-5660-40FE1473FC31}.Release|Any CPU.Build.0 = Release|Any CPU
	EndGlobalSection
	GlobalSection(SolutionProperties) = preSolution
		HideSolutionNode = FALSE
	EndGlobalSection
	GlobalSection(ExtensibilityGlobals) = postSolution
		SolutionGuid = {57A579A8-131F-4F4B-AB8E-55F8F46AF816}
	EndGlobalSection
EndGlobal
